
Microsoft Visual Studio Solution File, Format Version 12.00
# Visual Studio Version 16
VisualStudioVersion = 16.0.30717.126
MinimumVisualStudioVersion = 10.0.40219.1
Project("{9A19103F-16F7-4668-BE54-9A1E7A4F7556}") = "MyStore", "MyStore.csproj", "{105CB18A-7E0A-4CAB-AF4E-69F2C1B4A761}"
EndProject
Global
	GlobalSection(SolutionConfigurationPlatforms) = preSolution
		Debug|Any CPU = Debug|Any CPU
		Release|Any CPU = Release|Any CPU
	EndGlobalSection
	GlobalSection(ProjectConfigurationPlatforms) = postSolution
		{105CB18A-7E0A-4CAB-AF4E-69F2C1B4A761}.Debug|Any CPU.ActiveCfg = Debug|Any CPU
		{105CB18A-7E0A-4CAB-AF4E-69F2C1B4A761}.Debug|Any CPU.Build.0 = Debug|Any CPU
		{105CB18A-7E0A-4CAB-AF4E-69F2C1B4A761}.Release|Any CPU.ActiveCfg = Release|Any CPU
		{105CB18A-7E0A-4CAB-AF4E-69F2C1B4A761}.Release|Any CPU.Build.0 = Release|Any CPU
	EndGlobalSection
	GlobalSection(SolutionProperties) = preSolution
		HideSolutionNode = FALSE
	EndGlobalSection
	GlobalSection(ExtensibilityGlobals) = postSolution
		SolutionGuid = {5A75C4D7-57F5-4A80-A0B2-BD63BA191970}
	EndGlobalSection
EndGlobal
